
Microsoft Visual Studio Solution File, Format Version 12.00
# Visual Studio Version 16
VisualStudioVersion = 16.0.30804.86
MinimumVisualStudioVersion = 10.0.40219.1
Project("{2150E333-8FDC-42A3-9474-1A3956D46DE8}") = "Gateways", "Gateways", "{1DBB8415-2234-4C75-92B1-A14A7C63A747}"
EndProject
Project("{2150E333-8FDC-42A3-9474-1A3956D46DE8}") = "AppServices", "AppServices", "{371579C8-510D-4B1B-8860-C0211CF19AEC}"
EndProject
Project("{E53339B2-1760-4266-BCC7-CA923CBCF16C}") = "docker-compose", "docker-compose.dcproj", "{98C3806B-01BC-4BC9-B8EF-8746BF2EBC9B}"
EndProject
Project("{2150E333-8FDC-42A3-9474-1A3956D46DE8}") = "Azure", "Azure", "{E5C103F7-1FE8-4F1D-8D31-8707DCF26850}"
	ProjectSection(SolutionItems) = preProject
		AppServices\Azure\azure-pipeline.yaml = AppServices\Azure\azure-pipeline.yaml
	EndProjectSection
EndProject
Project("{2150E333-8FDC-42A3-9474-1A3956D46DE8}") = "MasterData", "MasterData", "{C9D28DA8-B60B-4791-A768-2DB6572CA57F}"
	ProjectSection(SolutionItems) = preProject
		AppServices\MasterData\azure-pipeline.yaml = AppServices\MasterData\azure-pipeline.yaml
	EndProjectSection
EndProject
Project("{2150E333-8FDC-42A3-9474-1A3956D46DE8}") = "Billing", "Billing", "{0478328E-E74C-4F2F-8FE0-50E8D357EF38}"
	ProjectSection(SolutionItems) = preProject
		AppServices\Billing\azure-pipeline.yaml = AppServices\Billing\azure-pipeline.yaml
	EndProjectSection
EndProject
Project("{9A19103F-16F7-4668-BE54-9A1E7A4F7556}") = "Billing", "AppServices\Billing\Src\Billing.csproj", "{D0E899CA-05B8-4499-8F40-4A20C463A9B0}"
EndProject
Project("{2150E333-8FDC-42A3-9474-1A3956D46DE8}") = "SelfServicePortalApi", "SelfServicePortalApi", "{D9D059B2-63A1-4171-81B8-B281ADE9D076}"
	ProjectSection(SolutionItems) = preProject
		Gateways\SelfServicePortalApi\azure-pipeline.yaml = Gateways\SelfServicePortalApi\azure-pipeline.yaml
	EndProjectSection
EndProject
Project("{2150E333-8FDC-42A3-9474-1A3956D46DE8}") = "AutomationApi", "AutomationApi", "{91BD845C-9C3D-4AC7-AED5-21DDC46DD632}"
	ProjectSection(SolutionItems) = preProject
		Gateways\AutomationApi\azure-pipeline.yaml = Gateways\AutomationApi\azure-pipeline.yaml
	EndProjectSection
EndProject
Project("{9A19103F-16F7-4668-BE54-9A1E7A4F7556}") = "SelfServicePortalApi", "Gateways\SelfServicePortalApi\Src\SelfServicePortalApi.csproj", "{46BA4BBE-4AB5-4F6B-BB90-DB10F16EC319}"
EndProject
Project("{9A19103F-16F7-4668-BE54-9A1E7A4F7556}") = "Azure", "AppServices\Azure\Src\Azure.csproj", "{05B78F19-42C2-422C-A04B-ABF2565C8BA6}"
EndProject
Project("{9A19103F-16F7-4668-BE54-9A1E7A4F7556}") = "MasterData", "AppServices\MasterData\Src\MasterData.csproj", "{D77A5C48-F202-4A31-A115-3E5B493EF7E6}"
EndProject
Project("{9A19103F-16F7-4668-BE54-9A1E7A4F7556}") = "AutomationApi", "Gateways\AutomationApi\Src\AutomationApi.csproj", "{A071D661-0477-429B-BC3C-A539981B4F0D}"
EndProject
Project("{2150E333-8FDC-42A3-9474-1A3956D46DE8}") = "Aws", "Aws", "{481FD07A-7CAE-4517-B69B-E34B8DFF0BFA}"
	ProjectSection(SolutionItems) = preProject
		AppServices\Aws\azure-pipeline.yaml = AppServices\Aws\azure-pipeline.yaml
	EndProjectSection
EndProject
Project("{9A19103F-16F7-4668-BE54-9A1E7A4F7556}") = "Aws", "AppServices\Aws\Src\Aws.csproj", "{86FBE8ED-9045-4D19-AAD2-F22AD78BF98C}"
EndProject
Global
	GlobalSection(SolutionConfigurationPlatforms) = preSolution
		Debug|Any CPU = Debug|Any CPU
		Release|Any CPU = Release|Any CPU
	EndGlobalSection
	GlobalSection(ProjectConfigurationPlatforms) = postSolution
		{98C3806B-01BC-4BC9-B8EF-8746BF2EBC9B}.Debug|Any CPU.ActiveCfg = Debug|Any CPU
		{98C3806B-01BC-4BC9-B8EF-8746BF2EBC9B}.Debug|Any CPU.Build.0 = Debug|Any CPU
		{98C3806B-01BC-4BC9-B8EF-8746BF2EBC9B}.Release|Any CPU.ActiveCfg = Release|Any CPU
		{98C3806B-01BC-4BC9-B8EF-8746BF2EBC9B}.Release|Any CPU.Build.0 = Release|Any CPU
		{D0E899CA-05B8-4499-8F40-4A20C463A9B0}.Debug|Any CPU.ActiveCfg = Debug|Any CPU
		{D0E899CA-05B8-4499-8F40-4A20C463A9B0}.Debug|Any CPU.Build.0 = Debug|Any CPU
		{D0E899CA-05B8-4499-8F40-4A20C463A9B0}.Release|Any CPU.ActiveCfg = Release|Any CPU
		{D0E899CA-05B8-4499-8F40-4A20C463A9B0}.Release|Any CPU.Build.0 = Release|Any CPU
		{46BA4BBE-4AB5-4F6B-BB90-DB10F16EC319}.Debug|Any CPU.ActiveCfg = Debug|Any CPU
		{46BA4BBE-4AB5-4F6B-BB90-DB10F16EC319}.Debug|Any CPU.Build.0 = Debug|Any CPU
		{46BA4BBE-4AB5-4F6B-BB90-DB10F16EC319}.Release|Any CPU.ActiveCfg = Release|Any CPU
		{46BA4BBE-4AB5-4F6B-BB90-DB10F16EC319}.Release|Any CPU.Build.0 = Release|Any CPU
		{05B78F19-42C2-422C-A04B-ABF2565C8BA6}.Debug|Any CPU.ActiveCfg = Debug|Any CPU
		{05B78F19-42C2-422C-A04B-ABF2565C8BA6}.Debug|Any CPU.Build.0 = Debug|Any CPU
		{05B78F19-42C2-422C-A04B-ABF2565C8BA6}.Release|Any CPU.ActiveCfg = Release|Any CPU
		{05B78F19-42C2-422C-A04B-ABF2565C8BA6}.Release|Any CPU.Build.0 = Release|Any CPU
		{D77A5C48-F202-4A31-A115-3E5B493EF7E6}.Debug|Any CPU.ActiveCfg = Debug|Any CPU
		{D77A5C48-F202-4A31-A115-3E5B493EF7E6}.Debug|Any CPU.Build.0 = Debug|Any CPU
		{D77A5C48-F202-4A31-A115-3E5B493EF7E6}.Release|Any CPU.ActiveCfg = Release|Any CPU
		{D77A5C48-F202-4A31-A115-3E5B493EF7E6}.Release|Any CPU.Build.0 = Release|Any CPU
		{A071D661-0477-429B-BC3C-A539981B4F0D}.Debug|Any CPU.ActiveCfg = Debug|Any CPU
		{A071D661-0477-429B-BC3C-A539981B4F0D}.Debug|Any CPU.Build.0 = Debug|Any CPU
		{A071D661-0477-429B-BC3C-A539981B4F0D}.Release|Any CPU.ActiveCfg = Release|Any CPU
		{A071D661-0477-429B-BC3C-A539981B4F0D}.Release|Any CPU.Build.0 = Release|Any CPU
		{86FBE8ED-9045-4D19-AAD2-F22AD78BF98C}.Debug|Any CPU.ActiveCfg = Debug|Any CPU
		{86FBE8ED-9045-4D19-AAD2-F22AD78BF98C}.Debug|Any CPU.Build.0 = Debug|Any CPU
		{86FBE8ED-9045-4D19-AAD2-F22AD78BF98C}.Release|Any CPU.ActiveCfg = Release|Any CPU
		{86FBE8ED-9045-4D19-AAD2-F22AD78BF98C}.Release|Any CPU.Build.0 = Release|Any CPU
	EndGlobalSection
	GlobalSection(SolutionProperties) = preSolution
		HideSolutionNode = FALSE
	EndGlobalSection
	GlobalSection(NestedProjects) = preSolution
		{E5C103F7-1FE8-4F1D-8D31-8707DCF26850} = {371579C8-510D-4B1B-8860-C0211CF19AEC}
		{C9D28DA8-B60B-4791-A768-2DB6572CA57F} = {371579C8-510D-4B1B-8860-C0211CF19AEC}
		{0478328E-E74C-4F2F-8FE0-50E8D357EF38} = {371579C8-510D-4B1B-8860-C0211CF19AEC}
		{D0E899CA-05B8-4499-8F40-4A20C463A9B0} = {0478328E-E74C-4F2F-8FE0-50E8D357EF38}
		{D9D059B2-63A1-4171-81B8-B281ADE9D076} = {1DBB8415-2234-4C75-92B1-A14A7C63A747}
		{91BD845C-9C3D-4AC7-AED5-21DDC46DD632} = {1DBB8415-2234-4C75-92B1-A14A7C63A747}
		{46BA4BBE-4AB5-4F6B-BB90-DB10F16EC319} = {D9D059B2-63A1-4171-81B8-B281ADE9D076}
		{05B78F19-42C2-422C-A04B-ABF2565C8BA6} = {E5C103F7-1FE8-4F1D-8D31-8707DCF26850}
		{D77A5C48-F202-4A31-A115-3E5B493EF7E6} = {C9D28DA8-B60B-4791-A768-2DB6572CA57F}
		{A071D661-0477-429B-BC3C-A539981B4F0D} = {91BD845C-9C3D-4AC7-AED5-21DDC46DD632}
		{481FD07A-7CAE-4517-B69B-E34B8DFF0BFA} = {371579C8-510D-4B1B-8860-C0211CF19AEC}
		{86FBE8ED-9045-4D19-AAD2-F22AD78BF98C} = {481FD07A-7CAE-4517-B69B-E34B8DFF0BFA}
	EndGlobalSection
	GlobalSection(ExtensibilityGlobals) = postSolution
		SolutionGuid = {E0147B06-F16E-463C-9787-D1EA2A455E1B}
	EndGlobalSection
EndGlobal
